// !$*UTF8*$!
{
	archiveVersion = 1;
	classes = {
	};
	objectVersion = 56;
	objects = {

/* Begin PBXBuildFile section */
		5D874EE929E1532D0058C572 /* AppDelegate.swift in Sources */ = {isa = PBXBuildFile; fileRef = 5D874EE829E1532D0058C572 /* AppDelegate.swift */; };
		5D874EEB29E1532D0058C572 /* SceneDelegate.swift in Sources */ = {isa = PBXBuildFile; fileRef = 5D874EEA29E1532D0058C572 /* SceneDelegate.swift */; };
		5D874EED29E1532D0058C572 /* ViewController.swift in Sources */ = {isa = PBXBuildFile; fileRef = 5D874EEC29E1532D0058C572 /* ViewController.swift */; };
		5D874EF029E1532D0058C572 /* Main.storyboard in Resources */ = {isa = PBXBuildFile; fileRef = 5D874EEE29E1532D0058C572 /* Main.storyboard */; };
		5D874EF329E1532D0058C572 /* saveAndFetchData.xcdatamodeld in Sources */ = {isa = PBXBuildFile; fileRef = 5D874EF129E1532D0058C572 /* saveAndFetchData.xcdatamodeld */; };
		5D874EF529E153310058C572 /* Assets.xcassets in Resources */ = {isa = PBXBuildFile; fileRef = 5D874EF429E153310058C572 /* Assets.xcassets */; };
		5D874EF829E153310058C572 /* LaunchScreen.storyboard in Resources */ = {isa = PBXBuildFile; fileRef = 5D874EF629E153310058C572 /* LaunchScreen.storyboard */; };
		5D874F0129E153BB0058C572 /* ChildrenData+CoreDataClass.swift in Sources */ = {isa = PBXBuildFile; fileRef = 5D874EFF29E153BB0058C572 /* ChildrenData+CoreDataClass.swift */; };
		5D874F0229E153BB0058C572 /* ChildrenData+CoreDataProperties.swift in Sources */ = {isa = PBXBuildFile; fileRef = 5D874F0029E153BB0058C572 /* ChildrenData+CoreDataProperties.swift */; };
/* End PBXBuildFile section */

/* Begin PBXFileReference section */
		5D874EE529E1532D0058C572 /* saveAndFetchData.app */ = {isa = PBXFileReference; explicitFileType = wrapper.application; includeInIndex = 0; path = saveAndFetchData.app; sourceTree = BUILT_PRODUCTS_DIR; };
		5D874EE829E1532D0058C572 /* AppDelegate.swift */ = {isa = PBXFileReference; lastKnownFileType = sourcecode.swift; path = AppDelegate.swift; sourceTree = "<group>"; };
		5D874EEA29E1532D0058C572 /* SceneDelegate.swift */ = {isa = PBXFileReference; lastKnownFileType = sourcecode.swift; path = SceneDelegate.swift; sourceTree = "<group>"; };
		5D874EEC29E1532D0058C572 /* ViewController.swift */ = {isa = PBXFileReference; lastKnownFileType = sourcecode.swift; path = ViewController.swift; sourceTree = "<group>"; };
		5D874EEF29E1532D0058C572 /* Base */ = {isa = PBXFileReference; lastKnownFileType = file.storyboard; name = Base; path = Base.lproj/Main.storyboard; sourceTree = "<group>"; };
		5D874EF229E1532D0058C572 /* saveAndFetchData.xcdatamodel */ = {isa = PBXFileReference; lastKnownFileType = wrapper.xcdatamodel; path = saveAndFetchData.xcdatamodel; sourceTree = "<group>"; };
		5D874EF429E153310058C572 /* Assets.xcassets */ = {isa = PBXFileReference; lastKnownFileType = folder.assetcatalog; path = Assets.xcassets; sourceTree = "<group>"; };
		5D874EF729E153310058C572 /* Base */ = {isa = PBXFileReference; lastKnownFileType = file.storyboard; name = Base; path = Base.lproj/LaunchScreen.storyboard; sourceTree = "<group>"; };
		5D874EF929E153310058C572 /* Info.plist */ = {isa = PBXFileReference; lastKnownFileType = text.plist.xml; path = Info.plist; sourceTree = "<group>"; };
		5D874EFF29E153BB0058C572 /* ChildrenData+CoreDataClass.swift */ = {isa = PBXFileReference; lastKnownFileType = sourcecode.swift; path = "ChildrenData+CoreDataClass.swift"; sourceTree = "<group>"; };
		5D874F0029E153BB0058C572 /* ChildrenData+CoreDataProperties.swift */ = {isa = PBXFileReference; lastKnownFileType = sourcecode.swift; path = "ChildrenData+CoreDataProperties.swift"; sourceTree = "<group>"; };
/* End PBXFileReference section */

/* Begin PBXFrameworksBuildPhase section */
		5D874EE229E1532D0058C572 /* Frameworks */ = {
			isa = PBXFrameworksBuildPhase;
			buildActionMask = 2147483647;
			files = (
			);
			runOnlyForDeploymentPostprocessing = 0;
		};
/* End PBXFrameworksBuildPhase section */

/* Begin PBXGroup section */
		5D874EDC29E1532D0058C572 = {
			isa = PBXGroup;
			children = (
				5D874EE729E1532D0058C572 /* saveAndFetchData */,
				5D874EE629E1532D0058C572 /* Products */,
			);
			sourceTree = "<group>";
		};
		5D874EE629E1532D0058C572 /* Products */ = {
			isa = PBXGroup;
			children = (
				5D874EE529E1532D0058C572 /* saveAndFetchData.app */,
			);
			name = Products;
			sourceTree = "<group>";
		};
		5D874EE729E1532D0058C572 /* saveAndFetchData */ = {
			isa = PBXGroup;
			children = (
				5D874EE829E1532D0058C572 /* AppDelegate.swift */,
				5D874EEA29E1532D0058C572 /* SceneDelegate.swift */,
				5D874EEC29E1532D0058C572 /* ViewController.swift */,
				5D874F0029E153BB0058C572 /* ChildrenData+CoreDataProperties.swift */,
				5D874EFF29E153BB0058C572 /* ChildrenData+CoreDataClass.swift */,
				5D874EEE29E1532D0058C572 /* Main.storyboard */,
				5D874EF429E153310058C572 /* Assets.xcassets */,
				5D874EF629E153310058C572 /* LaunchScreen.storyboard */,
				5D874EF929E153310058C572 /* Info.plist */,
				5D874EF129E1532D0058C572 /* saveAndFetchData.xcdatamodeld */,
			);
			path = saveAndFetchData;
			sourceTree = "<group>";
		};
/* End PBXGroup section */

/* Begin PBXNativeTarget section */
		5D874EE429E1532D0058C572 /* saveAndFetchData */ = {
			isa = PBXNativeTarget;
			buildConfigurationList = 5D874EFC29E153310058C572 /* Build configuration list for PBXNativeTarget "saveAndFetchData" */;
			buildPhases = (
				5D874EE129E1532D0058C572 /* Sources */,
				5D874EE229E1532D0058C572 /* Frameworks */,
				5D874EE329E1532D0058C572 /* Resources */,
			);
			buildRules = (
			);
			dependencies = (
			);
			name = saveAndFetchData;
			productName = saveAndFetchData;
			productReference = 5D874EE529E1532D0058C572 /* saveAndFetchData.app */;
			productType = "com.apple.product-type.application";
		};
/* End PBXNativeTarget section */

/* Begin PBXProject section */
		5D874EDD29E1532D0058C572 /* Project object */ = {
			isa = PBXProject;
			attributes = {
				BuildIndependentTargetsInParallel = 1;
				LastSwiftUpdateCheck = 1420;
				LastUpgradeCheck = 1420;
				TargetAttributes = {
					5D874EE429E1532D0058C572 = {
						CreatedOnToolsVersion = 14.2;
					};
				};
			};
			buildConfigurationList = 5D874EE029E1532D0058C572 /* Build configuration list for PBXProject "saveAndFetchData" */;
			compatibilityVersion = "Xcode 14.0";
			developmentRegion = en;
			hasScannedForEncodings = 0;
			knownRegions = (
				en,
				Base,
			);
			mainGroup = 5D874EDC29E1532D0058C572;
			productRefGroup = 5D874EE629E1532D0058C572 /* Products */;
			projectDirPath = "";
			projectRoot = "";
			targets = (
				5D874EE429E1532D0058C572 /* saveAndFetchData */,
			);
		};
/* End PBXProject section */

/* Begin PBXResourcesBuildPhase section */
		5D874EE329E1532D0058C572 /* Resources */ = {
			isa = PBXResourcesBuildPhase;
			buildActionMask = 2147483647;
			files = (
				5D874EF829E153310058C572 /* LaunchScreen.storyboard in Resources */,
				5D874EF529E153310058C572 /* Assets.xcassets in Resources */,
				5D874EF029E1532D0058C572 /* Main.storyboard in Resources */,
			);
			runOnlyForDeploymentPostprocessing = 0;
		};
/* End PBXResourcesBuildPhase section */

/* Begin PBXSourcesBuildPhase section */
		5D874EE129E1532D0058C572 /* Sources */ = {
			isa = PBXSourcesBuildPhase;
			buildActionMask = 2147483647;
			files = (
				5D874F0229E153BB0058C572 /* ChildrenData+CoreDataProperties.swift in Sources */,
				5D874EED29E1532D0058C572 /* ViewController.swift in Sources */,
				5D874F0129E153BB0058C572 /* ChildrenData+CoreDataClass.swift in Sources */,
				5D874EE929E1532D0058C572 /* AppDelegate.swift in Sources */,
				5D874EEB29E1532D0058C572 /* SceneDelegate.swift in Sources */,
				5D874EF329E1532D0058C572 /* saveAndFetchData.xcdatamodeld in Sources */,
			);
			runOnlyForDeploymentPostprocessing = 0;
		};
/* End PBXSourcesBuildPhase section */

/* Begin PBXVariantGroup section */
		5D874EEE29E1532D0058C572 /* Main.storyboard */ = {
			isa = PBXVariantGroup;
			children = (
				5D874EEF29E1532D0058C572 /* Base */,
			);
			name = Main.storyboard;
			sourceTree = "<group>";
		};
		5D874EF629E153310058C572 /* LaunchScreen.storyboard */ = {
			isa = PBXVariantGroup;
			children = (
				5D874EF729E153310058C572 /* Base */,
			);
			name = LaunchScreen.storyboard;
			sourceTree = "<group>";
		};
/* End PBXVariantGroup section */

/* Begin XCBuildConfiguration section */
		5D874EFA29E153310058C572 /* Debug */ = {
			isa = XCBuildConfiguration;
			buildSettings = {
				ALWAYS_SEARCH_USER_PATHS = NO;
				CLANG_ANALYZER_NONNULL = YES;
				CLANG_ANALYZER_NUMBER_OBJECT_CONVERSION = YES_AGGRESSIVE;
				CLANG_CXX_LANGUAGE_STANDARD = "gnu++20";
				CLANG_ENABLE_MODULES = YES;
				CLANG_ENABLE_OBJC_ARC = YES;
				CLANG_ENABLE_OBJC_WEAK = YES;
				CLANG_WARN_BLOCK_CAPTURE_AUTORELEASING = YES;
				CLANG_WARN_BOOL_CONVERSION = YES;
				CLANG_WARN_COMMA = YES;
				CLANG_WARN_CONSTANT_CONVERSION = YES;
				CLANG_WARN_DEPRECATED_OBJC_IMPLEMENTATIONS = YES;
				CLANG_WARN_DIRECT_OBJC_ISA_USAGE = YES_ERROR;
				CLANG_WARN_DOCUMENTATION_COMMENTS = YES;
				CLANG_WARN_EMPTY_BODY = YES;
				CLANG_WARN_ENUM_CONVERSION = YES;
				CLANG_WARN_INFINITE_RECURSION = YES;
				CLANG_WARN_INT_CONVERSION = YES;
				CLANG_WARN_NON_LITERAL_NULL_CONVERSION = YES;
				CLANG_WARN_OBJC_IMPLICIT_RETAIN_SELF = YES;
				CLANG_WARN_OBJC_LITERAL_CONVERSION = YES;
				CLANG_WARN_OBJC_ROOT_CLASS = YES_ERROR;
				CLANG_WARN_QUOTED_INCLUDE_IN_FRAMEWORK_HEADER = YES;
				CLANG_WARN_RANGE_LOOP_ANALYSIS = YES;
				CLANG_WARN_STRICT_PROTOTYPES = YES;
				CLANG_WARN_SUSPICIOUS_MOVE = YES;
				CLANG_WARN_UNGUARDED_AVAILABILITY = YES_AGGRESSIVE;
				CLANG_WARN_UNREACHABLE_CODE = YES;
				CLANG_WARN__DUPLICATE_METHOD_MATCH = YES;
				COPY_PHASE_STRIP = NO;
				DEBUG_INFORMATION_FORMAT = dwarf;
				ENABLE_STRICT_OBJC_MSGSEND = YES;
				ENABLE_TESTABILITY = YES;
				GCC_C_LANGUAGE_STANDARD = gnu11;
				GCC_DYNAMIC_NO_PIC = NO;
				GCC_NO_COMMON_BLOCKS = YES;
				GCC_OPTIMIZATION_LEVEL = 0;
				GCC_PREPROCESSOR_DEFINITIONS = (
					"DEBUG=1",
					"$(inherited)",
				);
				GCC_WARN_64_TO_32_BIT_CONVERSION = YES;
				GCC_WARN_ABOUT_RETURN_TYPE = YES_ERROR;
				GCC_WARN_UNDECLARED_SELECTOR = YES;
				GCC_WARN_UNINITIALIZED_AUTOS = YES_AGGRESSIVE;
				GCC_WARN_UNUSED_FUNCTION = YES;
				GCC_WARN_UNUSED_VARIABLE = YES;
				IPHONEOS_DEPLOYMENT_TARGET = 16.2;
				MTL_ENABLE_DEBUG_INFO = INCLUDE_SOURCE;
				MTL_FAST_MATH = YES;
				ONLY_ACTIVE_ARCH = YES;
				SDKROOT = iphoneos;
				SWIFT_ACTIVE_COMPILATION_CONDITIONS = DEBUG;
				SWIFT_OPTIMIZATION_LEVEL = "-Onone";
			};
			name = Debug;
		};
		5D874EFB29E153310058C572 /* Release */ = {
			isa = XCBuildConfiguration;
			buildSettings = {
				ALWAYS_SEARCH_USER_PATHS = NO;
				CLANG_ANALYZER_NONNULL = YES;
				CLANG_ANALYZER_NUMBER_OBJECT_CONVERSION = YES_AGGRESSIVE;
				CLANG_CXX_LANGUAGE_STANDARD = "gnu++20";
				CLANG_ENABLE_MODULES = YES;
				CLANG_ENABLE_OBJC_ARC = YES;
				CLANG_ENABLE_OBJC_WEAK = YES;
				CLANG_WARN_BLOCK_CAPTURE_AUTORELEASING = YES;
				CLANG_WARN_BOOL_CONVERSION = YES;
				CLANG_WARN_COMMA = YES;
				CLANG_WARN_CONSTANT_CONVERSION = YES;
				CLANG_WARN_DEPRECATED_OBJC_IMPLEMENTATIONS = YES;
				CLANG_WARN_DIRECT_OBJC_ISA_USAGE = YES_ERROR;
				CLANG_WARN_DOCUMENTATION_COMMENTS = YES;
				CLANG_WARN_EMPTY_BODY = YES;
				CLANG_WARN_ENUM_CONVERSION = YES;
				CLANG_WARN_INFINITE_RECURSION = YES;
				CLANG_WARN_INT_CONVERSION = YES;
				CLANG_WARN_NON_LITERAL_NULL_CONVERSION = YES;
				CLANG_WARN_OBJC_IMPLICIT_RETAIN_SELF = YES;
				CLANG_WARN_OBJC_LITERAL_CONVERSION = YES;
				CLANG_WARN_OBJC_ROOT_CLASS = YES_ERROR;
				CLANG_WARN_QUOTED_INCLUDE_IN_FRAMEWORK_HEADER = YES;
				CLANG_WARN_RANGE_LOOP_ANALYSIS = YES;
				CLANG_WARN_STRICT_PROTOTYPES = YES;
				CLANG_WARN_SUSPICIOUS_MOVE = YES;
				CLANG_WARN_UNGUARDED_AVAILABILITY = YES_AGGRESSIVE;
				CLANG_WARN_UNREACHABLE_CODE = YES;
				CLANG_WARN__DUPLICATE_METHOD_MATCH = YES;
				COPY_PHASE_STRIP = NO;
				DEBUG_INFORMATION_FORMAT = "dwarf-with-dsym";
				ENABLE_NS_ASSERTIONS = NO;
				ENABLE_STRICT_OBJC_MSGSEND = YES;
				GCC_C_LANGUAGE_STANDARD = gnu11;
				GCC_NO_COMMON_BLOCKS = YES;
				GCC_WARN_64_TO_32_BIT_CONVERSION = YES;
				GCC_WARN_ABOUT_RETURN_TYPE = YES_ERROR;
				GCC_WARN_UNDECLARED_SELECTOR = YES;
				GCC_WARN_UNINITIALIZED_AUTOS = YES_AGGRESSIVE;
				GCC_WARN_UNUSED_FUNCTION = YES;
				GCC_WARN_UNUSED_VARIABLE = YES;
				IPHONEOS_DEPLOYMENT_TARGET = 16.2;
				MTL_ENABLE_DEBUG_INFO = NO;
				MTL_FAST_MATH = YES;
				SDKROOT = iphoneos;
				SWIFT_COMPILATION_MODE = wholemodule;
				SWIFT_OPTIMIZATION_LEVEL = "-O";
				VALIDATE_PRODUCT = YES;
			};
			name = Release;
		};
		5D874EFD29E153310058C572 /* Debug */ = {
			isa = XCBuildConfiguration;
			buildSettings = {
				ASSETCATALOG_COMPILER_APPICON_NAME = AppIcon;
				ASSETCATALOG_COMPILER_GLOBAL_ACCENT_COLOR_NAME = AccentColor;
				CODE_SIGN_STYLE = Automatic;
				CURRENT_PROJECT_VERSION = 1;
				GENERATE_INFOPLIST_FILE = YES;
				INFOPLIST_FILE = saveAndFetchData/Info.plist;
				INFOPLIST_KEY_UIApplicationSupportsIndirectInputEvents = YES;
				INFOPLIST_KEY_UILaunchStoryboardName = LaunchScreen;
				INFOPLIST_KEY_UIMainStoryboardFile = Main;
				INFOPLIST_KEY_UISupportedInterfaceOrientations_iPad = "UIInterfaceOrientationPortrait UIInterfaceOrientationPortraitUpsideDown UIInterfaceOrientationLandscapeLeft UIInterfaceOrientationLandscapeRight";
				INFOPLIST_KEY_UISupportedInterfaceOrientations_iPhone = "UIInterfaceOrientationPortrait UIInterfaceOrientationLandscapeLeft UIInterfaceOrientationLandscapeRight";
				LD_RUNPATH_SEARCH_PATHS = (
					"$(inherited)",
					"@executable_path/Frameworks",
				);
				MARKETING_VERSION = 1.0;
				PRODUCT_BUNDLE_IDENTIFIER = dev.in.saveAndFetchData;
				PRODUCT_NAME = "$(TARGET_NAME)";
				SWIFT_EMIT_LOC_STRINGS = YES;
				SWIFT_VERSION = 5.0;
				TARGETED_DEVICE_FAMILY = "1,2";
			};
			name = Debug;
		};
		5D874EFE29E153310058C572 /* Release */ = {
			isa = XCBuildConfiguration;
			buildSettings = {
				ASSETCATALOG_COMPILER_APPICON_NAME = AppIcon;
				ASSETCATALOG_COMPILER_GLOBAL_ACCENT_COLOR_NAME = AccentColor;
				CODE_SIGN_STYLE = Automatic;
				CURRENT_PROJECT_VERSION = 1;
				GENERATE_INFOPLIST_FILE = YES;
				INFOPLIST_FILE = saveAndFetchData/Info.plist;
				INFOPLIST_KEY_UIApplicationSupportsIndirectInputEvents = YES;
				INFOPLIST_KEY_UILaunchStoryboardName = LaunchScreen;
				INFOPLIST_KEY_UIMainStoryboardFile = Main;
				INFOPLIST_KEY_UISupportedInterfaceOrientations_iPad = "UIInterfaceOrientationPortrait UIInterfaceOrientationPortraitUpsideDown UIInterfaceOrientationLandscapeLeft UIInterfaceOrientationLandscapeRight";
				INFOPLIST_KEY_UISupportedInterfaceOrientations_iPhone = "UIInterfaceOrientationPortrait UIInterfaceOrientationLandscapeLeft UIInterfaceOrientationLandscapeRight";
				LD_RUNPATH_SEARCH_PATHS = (
					"$(inherited)",
					"@executable_path/Frameworks",
				);
				MARKETING_VERSION = 1.0;
				PRODUCT_BUNDLE_IDENTIFIER = dev.in.saveAndFetchData;
				PRODUCT_NAME = "$(TARGET_NAME)";
				SWIFT_EMIT_LOC_STRINGS = YES;
				SWIFT_VERSION = 5.0;
				TARGETED_DEVICE_FAMILY = "1,2";
			};
			name = Release;
		};
/* End XCBuildConfiguration section */

/* Begin XCConfigurationList section */
		5D874EE029E1532D0058C572 /* Build configuration list for PBXProject "saveAndFetchData" */ = {
			isa = XCConfigurationList;
			buildConfigurations = (
				5D874EFA29E153310058C572 /* Debug */,
				5D874EFB29E153310058C572 /* Release */,
			);
			defaultConfigurationIsVisible = 0;
			defaultConfigurationName = Release;
		};
		5D874EFC29E153310058C572 /* Build configuration list for PBXNativeTarget "saveAndFetchData" */ = {
			isa = XCConfigurationList;
			buildConfigurations = (
				5D874EFD29E153310058C572 /* Debug */,
				5D874EFE29E153310058C572 /* Release */,
			);
			defaultConfigurationIsVisible = 0;
			defaultConfigurationName = Release;
		};
/* End XCConfigurationList section */

/* Begin XCVersionGroup section */
		5D874EF129E1532D0058C572 /* saveAndFetchData.xcdatamodeld */ = {
			isa = XCVersionGroup;
			children = (
				5D874EF229E1532D0058C572 /* saveAndFetchData.xcdatamodel */,
			);
			currentVersion = 5D874EF229E1532D0058C572 /* saveAndFetchData.xcdatamodel */;
			path = saveAndFetchData.xcdatamodeld;
			sourceTree = "<group>";
			versionGroupType = wrapper.xcdatamodel;
		};
/* End XCVersionGroup section */
	};
	rootObject = 5D874EDD29E1532D0058C572 /* Project object */;
}
